
Microsoft Visual Studio Solution File, Format Version 12.00
# Visual Studio Version 16
VisualStudioVersion = 16.0.29806.167
MinimumVisualStudioVersion = 16.0.29009.5
Project("{FAE04EC0-301F-11D3-BF4B-00C04F79EFBC}") = "ProjectFirma.Web", "ProjectFirma.Web\ProjectFirma.Web.csproj", "{8EB2FDE5-7FBA-4257-919F-11921D2C9615}"
EndProject
Project("{FAE04EC0-301F-11D3-BF4B-00C04F79EFBC}") = "LtInfo.Common", "LtInfo.Common\LtInfo.Common.csproj", "{C6586AD8-9357-4FA3-92AE-A2ED5EACDACC}"
EndProject
Project("{2150E333-8FDC-42A3-9474-1A3956D46DE8}") = "Solution Items", "Solution Items", "{540BA74C-3EE4-49E3-8E28-4FAACBFF1558}"
	ProjectSection(SolutionItems) = preProject
		..\Build\common.build = ..\Build\common.build
		..\Build\database.build = ..\Build\database.build
		..\Build\local.build = ..\Build\local.build
		..\Build\web.build = ..\Build\web.build
	EndProjectSection
EndProject
Project("{2150E333-8FDC-42A3-9474-1A3956D46DE8}") = ".nuget", ".nuget", "{62CA46C3-DB6D-4449-BBCC-D0A92F3AC4F9}"
	ProjectSection(SolutionItems) = preProject
		.nuget\NuGet.Config = .nuget\NuGet.Config
		.nuget\NuGet.exe = .nuget\NuGet.exe
		.nuget\NuGet.targets = .nuget\NuGet.targets
	EndProjectSection
EndProject
Project("{FAE04EC0-301F-11D3-BF4B-00C04F79EFBC}") = "ProjectFirmaModels", "ProjectFirmaModels\ProjectFirmaModels.csproj", "{5C78FFE9-5DD5-4A8E-882C-F49549F6FBF8}"
EndProject
Project("{FAE04EC0-301F-11D3-BF4B-00C04F79EFBC}") = "ProjectFirma.Api", "ProjectFirma.Api\ProjectFirma.Api.csproj", "{77282805-EBB0-45B4-B311-664BDC1C9FF7}"
EndProject
Global
	GlobalSection(SolutionConfigurationPlatforms) = preSolution
		Debug|Any CPU = Debug|Any CPU
		Debug|Mixed Platforms = Debug|Mixed Platforms
		Debug|x86 = Debug|x86
		DebugNoMvcBuild|Any CPU = DebugNoMvcBuild|Any CPU
		DebugNoMvcBuild|Mixed Platforms = DebugNoMvcBuild|Mixed Platforms
		DebugNoMvcBuild|x86 = DebugNoMvcBuild|x86
		Release|Any CPU = Release|Any CPU
		Release|Mixed Platforms = Release|Mixed Platforms
		Release|x86 = Release|x86
		ReleaseNoMvcBuild|Any CPU = ReleaseNoMvcBuild|Any CPU
		ReleaseNoMvcBuild|Mixed Platforms = ReleaseNoMvcBuild|Mixed Platforms
		ReleaseNoMvcBuild|x86 = ReleaseNoMvcBuild|x86
	EndGlobalSection
	GlobalSection(ProjectConfigurationPlatforms) = postSolution
		{8EB2FDE5-7FBA-4257-919F-11921D2C9615}.Debug|Any CPU.ActiveCfg = Debug|Any CPU
		{8EB2FDE5-7FBA-4257-919F-11921D2C9615}.Debug|Any CPU.Build.0 = Debug|Any CPU
		{8EB2FDE5-7FBA-4257-919F-11921D2C9615}.Debug|Mixed Platforms.ActiveCfg = Debug|Any CPU
		{8EB2FDE5-7FBA-4257-919F-11921D2C9615}.Debug|Mixed Platforms.Build.0 = Debug|Any CPU
		{8EB2FDE5-7FBA-4257-919F-11921D2C9615}.Debug|x86.ActiveCfg = Debug|Any CPU
		{8EB2FDE5-7FBA-4257-919F-11921D2C9615}.DebugNoMvcBuild|Any CPU.ActiveCfg = DebugNoMvcBuild|Any CPU
		{8EB2FDE5-7FBA-4257-919F-11921D2C9615}.DebugNoMvcBuild|Any CPU.Build.0 = DebugNoMvcBuild|Any CPU
		{8EB2FDE5-7FBA-4257-919F-11921D2C9615}.DebugNoMvcBuild|Mixed Platforms.ActiveCfg = DebugNoMvcBuild|Any CPU
		{8EB2FDE5-7FBA-4257-919F-11921D2C9615}.DebugNoMvcBuild|Mixed Platforms.Build.0 = DebugNoMvcBuild|Any CPU
		{8EB2FDE5-7FBA-4257-919F-11921D2C9615}.DebugNoMvcBuild|x86.ActiveCfg = DebugNoMvcBuild|Any CPU
		{8EB2FDE5-7FBA-4257-919F-11921D2C9615}.DebugNoMvcBuild|x86.Build.0 = DebugNoMvcBuild|Any CPU
		{8EB2FDE5-7FBA-4257-919F-11921D2C9615}.Release|Any CPU.ActiveCfg = Release|Any CPU
		{8EB2FDE5-7FBA-4257-919F-11921D2C9615}.Release|Any CPU.Build.0 = Release|Any CPU
		{8EB2FDE5-7FBA-4257-919F-11921D2C9615}.Release|Mixed Platforms.ActiveCfg = Release|Any CPU
		{8EB2FDE5-7FBA-4257-919F-11921D2C9615}.Release|Mixed Platforms.Build.0 = Release|Any CPU
		{8EB2FDE5-7FBA-4257-919F-11921D2C9615}.Release|x86.ActiveCfg = Release|Any CPU
		{8EB2FDE5-7FBA-4257-919F-11921D2C9615}.ReleaseNoMvcBuild|Any CPU.ActiveCfg = ReleaseNoMvcBuild|Any CPU
		{8EB2FDE5-7FBA-4257-919F-11921D2C9615}.ReleaseNoMvcBuild|Any CPU.Build.0 = ReleaseNoMvcBuild|Any CPU
		{8EB2FDE5-7FBA-4257-919F-11921D2C9615}.ReleaseNoMvcBuild|Mixed Platforms.ActiveCfg = ReleaseNoMvcBuild|Any CPU
		{8EB2FDE5-7FBA-4257-919F-11921D2C9615}.ReleaseNoMvcBuild|Mixed Platforms.Build.0 = ReleaseNoMvcBuild|Any CPU
		{8EB2FDE5-7FBA-4257-919F-11921D2C9615}.ReleaseNoMvcBuild|x86.ActiveCfg = ReleaseNoMvcBuild|Any CPU
		{8EB2FDE5-7FBA-4257-919F-11921D2C9615}.ReleaseNoMvcBuild|x86.Build.0 = ReleaseNoMvcBuild|Any CPU
		{C6586AD8-9357-4FA3-92AE-A2ED5EACDACC}.Debug|Any CPU.ActiveCfg = Debug|Any CPU
		{C6586AD8-9357-4FA3-92AE-A2ED5EACDACC}.Debug|Any CPU.Build.0 = Debug|Any CPU
		{C6586AD8-9357-4FA3-92AE-A2ED5EACDACC}.Debug|Mixed Platforms.ActiveCfg = Debug|Any CPU
		{C6586AD8-9357-4FA3-92AE-A2ED5EACDACC}.Debug|Mixed Platforms.Build.0 = Debug|Any CPU
		{C6586AD8-9357-4FA3-92AE-A2ED5EACDACC}.Debug|x86.ActiveCfg = Debug|Any CPU
		{C6586AD8-9357-4FA3-92AE-A2ED5EACDACC}.DebugNoMvcBuild|Any CPU.ActiveCfg = Debug|Any CPU
		{C6586AD8-9357-4FA3-92AE-A2ED5EACDACC}.DebugNoMvcBuild|Any CPU.Build.0 = Debug|Any CPU
		{C6586AD8-9357-4FA3-92AE-A2ED5EACDACC}.DebugNoMvcBuild|Mixed Platforms.ActiveCfg = Debug|Any CPU
		{C6586AD8-9357-4FA3-92AE-A2ED5EACDACC}.DebugNoMvcBuild|Mixed Platforms.Build.0 = Debug|Any CPU
		{C6586AD8-9357-4FA3-92AE-A2ED5EACDACC}.DebugNoMvcBuild|x86.ActiveCfg = Debug|Any CPU
		{C6586AD8-9357-4FA3-92AE-A2ED5EACDACC}.DebugNoMvcBuild|x86.Build.0 = Debug|Any CPU
		{C6586AD8-9357-4FA3-92AE-A2ED5EACDACC}.Release|Any CPU.ActiveCfg = Release|Any CPU
		{C6586AD8-9357-4FA3-92AE-A2ED5EACDACC}.Release|Any CPU.Build.0 = Release|Any CPU
		{C6586AD8-9357-4FA3-92AE-A2ED5EACDACC}.Release|Mixed Platforms.ActiveCfg = Release|Any CPU
		{C6586AD8-9357-4FA3-92AE-A2ED5EACDACC}.Release|Mixed Platforms.Build.0 = Release|Any CPU
		{C6586AD8-9357-4FA3-92AE-A2ED5EACDACC}.Release|x86.ActiveCfg = Release|Any CPU
		{C6586AD8-9357-4FA3-92AE-A2ED5EACDACC}.ReleaseNoMvcBuild|Any CPU.ActiveCfg = Release|Any CPU
		{C6586AD8-9357-4FA3-92AE-A2ED5EACDACC}.ReleaseNoMvcBuild|Any CPU.Build.0 = Release|Any CPU
		{C6586AD8-9357-4FA3-92AE-A2ED5EACDACC}.ReleaseNoMvcBuild|Mixed Platforms.ActiveCfg = Release|Any CPU
		{C6586AD8-9357-4FA3-92AE-A2ED5EACDACC}.ReleaseNoMvcBuild|Mixed Platforms.Build.0 = Release|Any CPU
		{C6586AD8-9357-4FA3-92AE-A2ED5EACDACC}.ReleaseNoMvcBuild|x86.ActiveCfg = Release|Any CPU
		{C6586AD8-9357-4FA3-92AE-A2ED5EACDACC}.ReleaseNoMvcBuild|x86.Build.0 = Release|Any CPU
		{5C78FFE9-5DD5-4A8E-882C-F49549F6FBF8}.Debug|Any CPU.ActiveCfg = Debug|Any CPU
		{5C78FFE9-5DD5-4A8E-882C-F49549F6FBF8}.Debug|Any CPU.Build.0 = Debug|Any CPU
		{5C78FFE9-5DD5-4A8E-882C-F49549F6FBF8}.Debug|Mixed Platforms.ActiveCfg = Debug|Any CPU
		{5C78FFE9-5DD5-4A8E-882C-F49549F6FBF8}.Debug|Mixed Platforms.Build.0 = Debug|Any CPU
		{5C78FFE9-5DD5-4A8E-882C-F49549F6FBF8}.Debug|x86.ActiveCfg = Debug|Any CPU
		{5C78FFE9-5DD5-4A8E-882C-F49549F6FBF8}.Debug|x86.Build.0 = Debug|Any CPU
		{5C78FFE9-5DD5-4A8E-882C-F49549F6FBF8}.DebugNoMvcBuild|Any CPU.ActiveCfg = Debug|Any CPU
		{5C78FFE9-5DD5-4A8E-882C-F49549F6FBF8}.DebugNoMvcBuild|Any CPU.Build.0 = Debug|Any CPU
		{5C78FFE9-5DD5-4A8E-882C-F49549F6FBF8}.DebugNoMvcBuild|Mixed Platforms.ActiveCfg = Debug|Any CPU
		{5C78FFE9-5DD5-4A8E-882C-F49549F6FBF8}.DebugNoMvcBuild|Mixed Platforms.Build.0 = Debug|Any CPU
		{5C78FFE9-5DD5-4A8E-882C-F49549F6FBF8}.DebugNoMvcBuild|x86.ActiveCfg = Debug|Any CPU
		{5C78FFE9-5DD5-4A8E-882C-F49549F6FBF8}.DebugNoMvcBuild|x86.Build.0 = Debug|Any CPU
		{5C78FFE9-5DD5-4A8E-882C-F49549F6FBF8}.Release|Any CPU.ActiveCfg = Release|Any CPU
		{5C78FFE9-5DD5-4A8E-882C-F49549F6FBF8}.Release|Any CPU.Build.0 = Release|Any CPU
		{5C78FFE9-5DD5-4A8E-882C-F49549F6FBF8}.Release|Mixed Platforms.ActiveCfg = Release|Any CPU
		{5C78FFE9-5DD5-4A8E-882C-F49549F6FBF8}.Release|Mixed Platforms.Build.0 = Release|Any CPU
		{5C78FFE9-5DD5-4A8E-882C-F49549F6FBF8}.Release|x86.ActiveCfg = Release|Any CPU
		{5C78FFE9-5DD5-4A8E-882C-F49549F6FBF8}.Release|x86.Build.0 = Release|Any CPU
		{5C78FFE9-5DD5-4A8E-882C-F49549F6FBF8}.ReleaseNoMvcBuild|Any CPU.ActiveCfg = Release|Any CPU
		{5C78FFE9-5DD5-4A8E-882C-F49549F6FBF8}.ReleaseNoMvcBuild|Any CPU.Build.0 = Release|Any CPU
		{5C78FFE9-5DD5-4A8E-882C-F49549F6FBF8}.ReleaseNoMvcBuild|Mixed Platforms.ActiveCfg = Release|Any CPU
		{5C78FFE9-5DD5-4A8E-882C-F49549F6FBF8}.ReleaseNoMvcBuild|Mixed Platforms.Build.0 = Release|Any CPU
		{5C78FFE9-5DD5-4A8E-882C-F49549F6FBF8}.ReleaseNoMvcBuild|x86.ActiveCfg = Release|Any CPU
		{5C78FFE9-5DD5-4A8E-882C-F49549F6FBF8}.ReleaseNoMvcBuild|x86.Build.0 = Release|Any CPU
		{77282805-EBB0-45B4-B311-664BDC1C9FF7}.Debug|Any CPU.ActiveCfg = Debug|Any CPU
		{77282805-EBB0-45B4-B311-664BDC1C9FF7}.Debug|Any CPU.Build.0 = Debug|Any CPU
		{77282805-EBB0-45B4-B311-664BDC1C9FF7}.Debug|Mixed Platforms.ActiveCfg = Debug|Any CPU
		{77282805-EBB0-45B4-B311-664BDC1C9FF7}.Debug|Mixed Platforms.Build.0 = Debug|Any CPU
		{77282805-EBB0-45B4-B311-664BDC1C9FF7}.Debug|x86.ActiveCfg = Debug|Any CPU
		{77282805-EBB0-45B4-B311-664BDC1C9FF7}.Debug|x86.Build.0 = Debug|Any CPU
		{77282805-EBB0-45B4-B311-664BDC1C9FF7}.DebugNoMvcBuild|Any CPU.ActiveCfg = Debug|Any CPU
		{77282805-EBB0-45B4-B311-664BDC1C9FF7}.DebugNoMvcBuild|Any CPU.Build.0 = Debug|Any CPU
		{77282805-EBB0-45B4-B311-664BDC1C9FF7}.DebugNoMvcBuild|Mixed Platforms.ActiveCfg = Debug|Any CPU
		{77282805-EBB0-45B4-B311-664BDC1C9FF7}.DebugNoMvcBuild|Mixed Platforms.Build.0 = Debug|Any CPU
		{77282805-EBB0-45B4-B311-664BDC1C9FF7}.DebugNoMvcBuild|x86.ActiveCfg = Debug|Any CPU
		{77282805-EBB0-45B4-B311-664BDC1C9FF7}.DebugNoMvcBuild|x86.Build.0 = Debug|Any CPU
		{77282805-EBB0-45B4-B311-664BDC1C9FF7}.Release|Any CPU.ActiveCfg = Release|Any CPU
		{77282805-EBB0-45B4-B311-664BDC1C9FF7}.Release|Any CPU.Build.0 = Release|Any CPU
		{77282805-EBB0-45B4-B311-664BDC1C9FF7}.Release|Mixed Platforms.ActiveCfg = Release|Any CPU
		{77282805-EBB0-45B4-B311-664BDC1C9FF7}.Release|Mixed Platforms.Build.0 = Release|Any CPU
		{77282805-EBB0-45B4-B311-664BDC1C9FF7}.Release|x86.ActiveCfg = Release|Any CPU
		{77282805-EBB0-45B4-B311-664BDC1C9FF7}.Release|x86.Build.0 = Release|Any CPU
		{77282805-EBB0-45B4-B311-664BDC1C9FF7}.ReleaseNoMvcBuild|Any CPU.ActiveCfg = Release|Any CPU
		{77282805-EBB0-45B4-B311-664BDC1C9FF7}.ReleaseNoMvcBuild|Any CPU.Build.0 = Release|Any CPU
		{77282805-EBB0-45B4-B311-664BDC1C9FF7}.ReleaseNoMvcBuild|Mixed Platforms.ActiveCfg = Release|Any CPU
		{77282805-EBB0-45B4-B311-664BDC1C9FF7}.ReleaseNoMvcBuild|Mixed Platforms.Build.0 = Release|Any CPU
		{77282805-EBB0-45B4-B311-664BDC1C9FF7}.ReleaseNoMvcBuild|x86.ActiveCfg = Release|Any CPU
		{77282805-EBB0-45B4-B311-664BDC1C9FF7}.ReleaseNoMvcBuild|x86.Build.0 = Release|Any CPU
	EndGlobalSection
	GlobalSection(SolutionProperties) = preSolution
		HideSolutionNode = FALSE
	EndGlobalSection
	GlobalSection(ExtensibilityGlobals) = postSolution
		SolutionGuid = {92511613-D7D3-4D44-AF56-A8F13C005D19}
	EndGlobalSection
EndGlobal
